
Microsoft Visual Studio Solution File, Format Version 12.00
# Visual Studio 15
VisualStudioVersion = 15.0.27428.2037
MinimumVisualStudioVersion = 10.0.40219.1
Project("{FAE04EC0-301F-11D3-BF4B-00C04F79EFBC}") = "myFirstAzureApp", "myFirstAzureApp\myFirstAzureApp.csproj", "{66F9B3C4-ED0D-46AA-8F27-3C4D69E13225}"
EndProject
Global
	GlobalSection(SolutionConfigurationPlatforms) = preSolution
		Debug|Any CPU = Debug|Any CPU
		Release|Any CPU = Release|Any CPU
	EndGlobalSection
	GlobalSection(ProjectConfigurationPlatforms) = postSolution
		{66F9B3C4-ED0D-46AA-8F27-3C4D69E13225}.Debug|Any CPU.ActiveCfg = Debug|Any CPU
		{66F9B3C4-ED0D-46AA-8F27-3C4D69E13225}.Debug|Any CPU.Build.0 = Debug|Any CPU
		{66F9B3C4-ED0D-46AA-8F27-3C4D69E13225}.Release|Any CPU.ActiveCfg = Release|Any CPU
		{66F9B3C4-ED0D-46AA-8F27-3C4D69E13225}.Release|Any CPU.Build.0 = Release|Any CPU
	EndGlobalSection
	GlobalSection(SolutionProperties) = preSolution
		HideSolutionNode = FALSE
	EndGlobalSection
	GlobalSection(ExtensibilityGlobals) = postSolution
		SolutionGuid = {D925C2C7-6083-4F65-AB99-87ACA3DEE0BB}
	EndGlobalSection
EndGlobal
